
Microsoft Visual Studio Solution File, Format Version 12.00
# Visual Studio Version 17
VisualStudioVersion = 17.4.33213.308
MinimumVisualStudioVersion = 10.0.40219.1
Project("{FAE04EC0-301F-11D3-BF4B-00C04F79EFBC}") = "MyFirstApp", "MyFirstApp\MyFirstApp.csproj", "{4F516335-A41B-4214-9169-FD5CD6824D8C}"
EndProject
Global
	GlobalSection(SolutionConfigurationPlatforms) = preSolution
		Debug|Any CPU = Debug|Any CPU
		Release|Any CPU = Release|Any CPU
	EndGlobalSection
	GlobalSection(ProjectConfigurationPlatforms) = postSolution
		{4F516335-A41B-4214-9169-FD5CD6824D8C}.Debug|Any CPU.ActiveCfg = Debug|Any CPU
		{4F516335-A41B-4214-9169-FD5CD6824D8C}.Debug|Any CPU.Build.0 = Debug|Any CPU
		{4F516335-A41B-4214-9169-FD5CD6824D8C}.Release|Any CPU.ActiveCfg = Release|Any CPU
		{4F516335-A41B-4214-9169-FD5CD6824D8C}.Release|Any CPU.Build.0 = Release|Any CPU
	EndGlobalSection
	GlobalSection(SolutionProperties) = preSolution
		HideSolutionNode = FALSE
	EndGlobalSection
	GlobalSection(ExtensibilityGlobals) = postSolution
		SolutionGuid = {9F55027B-C496-4946-B94C-5B469FF7C00E}
	EndGlobalSection
EndGlobal
